PODS:
  - FBSnapshotTestCase (2.1.4):
    - FBSnapshotTestCase/SwiftSupport (= 2.1.4)
  - FBSnapshotTestCase/Core (2.1.4)
  - FBSnapshotTestCase/SwiftSupport (2.1.4):
    - FBSnapshotTestCase/Core
  - SwiftyNominatim (0.1.1)

DEPENDENCIES:
  - FBSnapshotTestCase (~> 2.1.4)
  - SwiftyNominatim (from `../`)

EXTERNAL SOURCES:
  SwiftyNominatim:
    :path: ../

SPEC CHECKSUMS:
  FBSnapshotTestCase: 094f9f314decbabe373b87cc339bea235a63e07a
  SwiftyNominatim: fde15f78d2bc79fa46261978c1fe87a9de90bad7

PODFILE CHECKSUM: 68f8bfcf26736abb748ada69116a75e653d96c67

COCOAPODS: 1.4.0
