PODS:
  - FBSnapshotTestCase (2.1.4):
    - FBSnapshotTestCase/SwiftSupport (= 2.1.4)
  - FBSnapshotTestCase/Core (2.1.4)
  - FBSnapshotTestCase/SwiftSupport (2.1.4):
    - FBSnapshotTestCase/Core
  - SwiftyNominatim (0.1.0)

DEPENDENCIES:
  - FBSnapshotTestCase (~> 2.1.4)
  - SwiftyNominatim (from `../`)

EXTERNAL SOURCES:
  SwiftyNominatim:
    :path: ../

SPEC CHECKSUMS:
  FBSnapshotTestCase: 094f9f314decbabe373b87cc339bea235a63e07a
  SwiftyNominatim: aeb0de16f8c719c947a33c563c7c11ebc0434a62

PODFILE CHECKSUM: 68f8bfcf26736abb748ada69116a75e653d96c67

COCOAPODS: 1.3.1
